dependencies:
- name: postgresql
  repository: https://charts.bitnami.com/bitnami
  version: 12.4.2
- name: kube-prometheus-stack
  repository: https://prometheus-community.github.io/helm-charts
  version: 45.23.0
digest: sha256:39606128b0a7ec26c9b8286dd5b7a28c91ca77a9c94c21e2bb071ff8d93fc483
generated: "2023-05-02T09:40:47.310424+03:00"
